
Microsoft Visual Studio Solution File, Format Version 12.00
# Visual Studio Version 16
VisualStudioVersion = 16.0.30011.22
MinimumVisualStudioVersion = 10.0.40219.1
Project("{9A19103F-16F7-4668-BE54-9A1E7A4F7556}") = "SynapseGenerator", "SynapseGenerator\SynapseGenerator.csproj", "{81E6CD14-370B-4136-BAE6-1B254FE76590}"
EndProject
Global
	GlobalSection(SolutionConfigurationPlatforms) = preSolution
		Debug|Any CPU = Debug|Any CPU
		Release|Any CPU = Release|Any CPU
	EndGlobalSection
	GlobalSection(ProjectConfigurationPlatforms) = postSolution
		{81E6CD14-370B-4136-BAE6-1B254FE76590}.Debug|Any CPU.ActiveCfg = Debug|Any CPU
		{81E6CD14-370B-4136-BAE6-1B254FE76590}.Debug|Any CPU.Build.0 = Debug|Any CPU
		{81E6CD14-370B-4136-BAE6-1B254FE76590}.Release|Any CPU.ActiveCfg = Release|Any CPU
		{81E6CD14-370B-4136-BAE6-1B254FE76590}.Release|Any CPU.Build.0 = Release|Any CPU
	EndGlobalSection
	GlobalSection(SolutionProperties) = preSolution
		HideSolutionNode = FALSE
	EndGlobalSection
	GlobalSection(ExtensibilityGlobals) = postSolution
		SolutionGuid = {543D9961-287E-4712-BF5B-D09297FCBF9A}
	EndGlobalSection
EndGlobal
